{
  "name": ".opencode",
  "lockfileVersion": 3,
  "requires": true,
  "packages": {
    "": {
      "dependencies": {
        "@opencode-ai/plugin": "1.1.42"
      }
    },
    "node_modules/@opencode-ai/plugin": {
      "version": "1.1.42",
      "resolved": "https://registry.npmjs.org/@opencode-ai/plugin/-/plugin-1.1.42.tgz",
      "integrity": "sha512-pKPGUSo980tlpfkeK1heKi+FyY5uAa8CffQ8CEvfmTiHkHhZaw0Cz79cSi2iWYxLzGgx4pQWUoq2YdVBiMWYHw==",
      "license": "MIT",
      "dependencies": {
        "@opencode-ai/sdk": "1.1.42",
        "zod": "4.1.8"
      }
    },
    "node_modules/@opencode-ai/sdk": {
      "version": "1.1.42",
      "resolved": "https://registry.npmjs.org/@opencode-ai/sdk/-/sdk-1.1.42.tgz",
      "integrity": "sha512-QuTJgnzmsQ+CF/mr9nu+FQGv2cMwGMsnWd7eOF0YLuXKOzpx+xlBkUGdZz8l0n3I+7ix8iiMZbTw4laAG8vIqA==",
      "license": "MIT"
    },
    "node_modules/zod": {
      "version": "4.1.8",
      "license": "MIT",
      "funding": {
        "url": "https://github.com/sponsors/colinhacks"
      }
    }
  }
}
