{
  "name": ".opencode",
  "lockfileVersion": 3,
  "requires": true,
  "packages": {
    "": {
      "dependencies": {
        "@opencode-ai/plugin": "1.1.51"
      }
    },
    "node_modules/@opencode-ai/plugin": {
      "version": "1.1.51",
      "resolved": "https://registry.npmjs.org/@opencode-ai/plugin/-/plugin-1.1.51.tgz",
      "integrity": "sha512-FMtwIEG1HdXaQ4qtzRelF++qjKL4QKtJOB5Atud0Xu5c9T48TGCDDQJONTAjgVleyq3bb73tUt+ACBK0QSEOyw==",
      "dependencies": {
        "@opencode-ai/sdk": "1.1.51",
        "zod": "4.1.8"
      }
    },
    "node_modules/@opencode-ai/sdk": {
      "version": "1.1.51",
      "resolved": "https://registry.npmjs.org/@opencode-ai/sdk/-/sdk-1.1.51.tgz",
      "integrity": "sha512-UL66X46AGgui5xURGEenXsIsgNVmgfkmJJeRtdeOMLhi/RcbTBikfPjjtmym3VLnqp855Wt7dZ/vAjOXqiUKXA=="
    },
    "node_modules/zod": {
      "version": "4.1.8",
      "license": "MIT",
      "funding": {
        "url": "https://github.com/sponsors/colinhacks"
      }
    }
  }
}
