{
  "name": ".opencode",
  "lockfileVersion": 3,
  "requires": true,
  "packages": {
    "": {
      "dependencies": {
        "@opencode-ai/plugin": "1.1.53"
      }
    },
    "node_modules/@opencode-ai/plugin": {
      "version": "1.1.53",
      "resolved": "http://registry.npm.baidu-int.com/@opencode-ai%2fplugin/-/plugin-1.1.53.tgz",
      "integrity": "sha512-9ye7Wz2kESgt02AUDaMea4hXxj6XhWwKAG8NwFhrw09Ux54bGaMJFt1eIS8QQGIMaD+Lp11X4QdyEg96etEBJw==",
      "license": "MIT",
      "dependencies": {
        "@opencode-ai/sdk": "1.1.53",
        "zod": "4.1.8"
      }
    },
    "node_modules/@opencode-ai/sdk": {
      "version": "1.1.53",
      "resolved": "http://registry.npm.baidu-int.com/@opencode-ai%2fsdk/-/sdk-1.1.53.tgz",
      "integrity": "sha512-RUIVnPOP1CyyU32FrOOYuE7Ge51lOBuhaFp2NSX98ncApT7ffoNetmwzqrhOiJQgZB1KrbCHLYOCK6AZfacxag=="
    },
    "node_modules/zod": {
      "version": "4.1.8",
      "license": "MIT",
      "funding": {
        "url": "https://github.com/sponsors/colinhacks"
      }
    }
  }
}
